
Microsoft Visual Studio Solution File, Format Version 12.00
# Visual Studio 15
VisualStudioVersion = 15.0.26430.16
MinimumVisualStudioVersion = 10.0.40219.1
Project("{FAE04EC0-301F-11D3-BF4B-00C04F79EFBC}") = "RondApp.Droid", "RondApp\RondApp.Droid\RondApp.Droid.csproj", "{FF765CB9-16D8-4006-ACC6-655101BFD79B}"
EndProject
Project("{FAE04EC0-301F-11D3-BF4B-00C04F79EFBC}") = "RondApp.iOS", "RondApp\RondApp.iOS\RondApp.iOS.csproj", "{32151A25-0D7F-4866-A1F6-AB26E0E741DF}"
EndProject
Project("{FAE04EC0-301F-11D3-BF4B-00C04F79EFBC}") = "RondApp.UWP", "RondApp\RondApp.UWP\RondApp.UWP.csproj", "{1DECA982-C7D0-4E0B-A044-50B5413F6058}"
EndProject
Project("{FAE04EC0-301F-11D3-BF4B-00C04F79EFBC}") = "RondApp", "RondApp\RondApp\RondApp.csproj", "{399F74AD-3931-414C-9D4F-7C967BF16F08}"
EndProject
Global
	GlobalSection(SolutionConfigurationPlatforms) = preSolution
		Ad-Hoc|Any CPU = Ad-Hoc|Any CPU
		Ad-Hoc|ARM = Ad-Hoc|ARM
		Ad-Hoc|iPhone = Ad-Hoc|iPhone
		Ad-Hoc|iPhoneSimulator = Ad-Hoc|iPhoneSimulator
		Ad-Hoc|x64 = Ad-Hoc|x64
		Ad-Hoc|x86 = Ad-Hoc|x86
		AppStore|Any CPU = AppStore|Any CPU
		AppStore|ARM = AppStore|ARM
		AppStore|iPhone = AppStore|iPhone
		AppStore|iPhoneSimulator = AppStore|iPhoneSimulator
		AppStore|x64 = AppStore|x64
		AppStore|x86 = AppStore|x86
		Debug|Any CPU = Debug|Any CPU
		Debug|ARM = Debug|ARM
		Debug|iPhone = Debug|iPhone
		Debug|iPhoneSimulator = Debug|iPhoneSimulator
		Debug|x64 = Debug|x64
		Debug|x86 = Debug|x86
		Release|Any CPU = Release|Any CPU
		Release|ARM = Release|ARM
		Release|iPhone = Release|iPhone
		Release|iPhoneSimulator = Release|iPhoneSimulator
		Release|x64 = Release|x64
		Release|x86 = Release|x86
	EndGlobalSection
	GlobalSection(ProjectConfigurationPlatforms) = postSolution
		{FF765CB9-16D8-4006-ACC6-655101BFD79B}.Ad-Hoc|Any CPU.ActiveCfg = Release|Any CPU
		{FF765CB9-16D8-4006-ACC6-655101BFD79B}.Ad-Hoc|Any CPU.Build.0 = Release|Any CPU
		{FF765CB9-16D8-4006-ACC6-655101BFD79B}.Ad-Hoc|Any CPU.Deploy.0 = Release|Any CPU
		{FF765CB9-16D8-4006-ACC6-655101BFD79B}.Ad-Hoc|ARM.ActiveCfg = Release|Any CPU
		{FF765CB9-16D8-4006-ACC6-655101BFD79B}.Ad-Hoc|ARM.Build.0 = Release|Any CPU
		{FF765CB9-16D8-4006-ACC6-655101BFD79B}.Ad-Hoc|ARM.Deploy.0 = Release|Any CPU
		{FF765CB9-16D8-4006-ACC6-655101BFD79B}.Ad-Hoc|iPhone.ActiveCfg = Release|Any CPU
		{FF765CB9-16D8-4006-ACC6-655101BFD79B}.Ad-Hoc|iPhone.Build.0 = Release|Any CPU
		{FF765CB9-16D8-4006-ACC6-655101BFD79B}.Ad-Hoc|iPhone.Deploy.0 = Release|Any CPU
		{FF765CB9-16D8-4006-ACC6-655101BFD79B}.Ad-Hoc|iPhoneSimulator.ActiveCfg = Release|Any CPU
		{FF765CB9-16D8-4006-ACC6-655101BFD79B}.Ad-Hoc|iPhoneSimulator.Build.0 = Release|Any CPU
		{FF765CB9-16D8-4006-ACC6-655101BFD79B}.Ad-Hoc|iPhoneSimulator.Deploy.0 = Release|Any CPU
		{FF765CB9-16D8-4006-ACC6-655101BFD79B}.Ad-Hoc|x64.ActiveCfg = Release|Any CPU
		{FF765CB9-16D8-4006-ACC6-655101BFD79B}.Ad-Hoc|x64.Build.0 = Release|Any CPU
		{FF765CB9-16D8-4006-ACC6-655101BFD79B}.Ad-Hoc|x64.Deploy.0 = Release|Any CPU
		{FF765CB9-16D8-4006-ACC6-655101BFD79B}.Ad-Hoc|x86.ActiveCfg = Release|Any CPU
		{FF765CB9-16D8-4006-ACC6-655101BFD79B}.Ad-Hoc|x86.Build.0 = Release|Any CPU
		{FF765CB9-16D8-4006-ACC6-655101BFD79B}.Ad-Hoc|x86.Deploy.0 = Release|Any CPU
		{FF765CB9-16D8-4006-ACC6-655101BFD79B}.AppStore|Any CPU.ActiveCfg = Release|Any CPU
		{FF765CB9-16D8-4006-ACC6-655101BFD79B}.AppStore|Any CPU.Build.0 = Release|Any CPU
		{FF765CB9-16D8-4006-ACC6-655101BFD79B}.AppStore|Any CPU.Deploy.0 = Release|Any CPU
		{FF765CB9-16D8-4006-ACC6-655101BFD79B}.AppStore|ARM.ActiveCfg = Release|Any CPU
		{FF765CB9-16D8-4006-ACC6-655101BFD79B}.AppStore|ARM.Build.0 = Release|Any CPU
		{FF765CB9-16D8-4006-ACC6-655101BFD79B}.AppStore|ARM.Deploy.0 = Release|Any CPU
		{FF765CB9-16D8-4006-ACC6-655101BFD79B}.AppStore|iPhone.ActiveCfg = Release|Any CPU
		{FF765CB9-16D8-4006-ACC6-655101BFD79B}.AppStore|iPhone.Build.0 = Release|Any CPU
		{FF765CB9-16D8-4006-ACC6-655101BFD79B}.AppStore|iPhone.Deploy.0 = Release|Any CPU
		{FF765CB9-16D8-4006-ACC6-655101BFD79B}.AppStore|iPhoneSimulator.ActiveCfg = Release|Any CPU
		{FF765CB9-16D8-4006-ACC6-655101BFD79B}.AppStore|iPhoneSimulator.Build.0 = Release|Any CPU
		{FF765CB9-16D8-4006-ACC6-655101BFD79B}.AppStore|iPhoneSimulator.Deploy.0 = Release|Any CPU
		{FF765CB9-16D8-4006-ACC6-655101BFD79B}.AppStore|x64.ActiveCfg = Release|Any CPU
		{FF765CB9-16D8-4006-ACC6-655101BFD79B}.AppStore|x64.Build.0 = Release|Any CPU
		{FF765CB9-16D8-4006-ACC6-655101BFD79B}.AppStore|x64.Deploy.0 = Release|Any CPU
		{FF765CB9-16D8-4006-ACC6-655101BFD79B}.AppStore|x86.ActiveCfg = Release|Any CPU
		{FF765CB9-16D8-4006-ACC6-655101BFD79B}.AppStore|x86.Build.0 = Release|Any CPU
		{FF765CB9-16D8-4006-ACC6-655101BFD79B}.AppStore|x86.Deploy.0 = Release|Any CPU
		{FF765CB9-16D8-4006-ACC6-655101BFD79B}.Debug|Any CPU.ActiveCfg = Debug|Any CPU
		{FF765CB9-16D8-4006-ACC6-655101BFD79B}.Debug|Any CPU.Build.0 = Debug|Any CPU
		{FF765CB9-16D8-4006-ACC6-655101BFD79B}.Debug|Any CPU.Deploy.0 = Debug|Any CPU
		{FF765CB9-16D8-4006-ACC6-655101BFD79B}.Debug|ARM.ActiveCfg = Debug|Any CPU
		{FF765CB9-16D8-4006-ACC6-655101BFD79B}.Debug|ARM.Build.0 = Debug|Any CPU
		{FF765CB9-16D8-4006-ACC6-655101BFD79B}.Debug|ARM.Deploy.0 = Debug|Any CPU
		{FF765CB9-16D8-4006-ACC6-655101BFD79B}.Debug|iPhone.ActiveCfg = Debug|Any CPU
		{FF765CB9-16D8-4006-ACC6-655101BFD79B}.Debug|iPhone.Build.0 = Debug|Any CPU
		{FF765CB9-16D8-4006-ACC6-655101BFD79B}.Debug|iPhone.Deploy.0 = Debug|Any CPU
		{FF765CB9-16D8-4006-ACC6-655101BFD79B}.Debug|iPhoneSimulator.ActiveCfg = Debug|Any CPU
		{FF765CB9-16D8-4006-ACC6-655101BFD79B}.Debug|iPhoneSimulator.Build.0 = Debug|Any CPU
		{FF765CB9-16D8-4006-ACC6-655101BFD79B}.Debug|iPhoneSimulator.Deploy.0 = Debug|Any CPU
		{FF765CB9-16D8-4006-ACC6-655101BFD79B}.Debug|x64.ActiveCfg = Debug|Any CPU
		{FF765CB9-16D8-4006-ACC6-655101BFD79B}.Debug|x64.Build.0 = Debug|Any CPU
		{FF765CB9-16D8-4006-ACC6-655101BFD79B}.Debug|x64.Deploy.0 = Debug|Any CPU
		{FF765CB9-16D8-4006-ACC6-655101BFD79B}.Debug|x86.ActiveCfg = Debug|Any CPU
		{FF765CB9-16D8-4006-ACC6-655101BFD79B}.Debug|x86.Build.0 = Debug|Any CPU
		{FF765CB9-16D8-4006-ACC6-655101BFD79B}.Debug|x86.Deploy.0 = Debug|Any CPU
		{FF765CB9-16D8-4006-ACC6-655101BFD79B}.Release|Any CPU.ActiveCfg = Release|Any CPU
		{FF765CB9-16D8-4006-ACC6-655101BFD79B}.Release|Any CPU.Build.0 = Release|Any CPU
		{FF765CB9-16D8-4006-ACC6-655101BFD79B}.Release|Any CPU.Deploy.0 = Release|Any CPU
		{FF765CB9-16D8-4006-ACC6-655101BFD79B}.Release|ARM.ActiveCfg = Release|Any CPU
		{FF765CB9-16D8-4006-ACC6-655101BFD79B}.Release|ARM.Build.0 = Release|Any CPU
		{FF765CB9-16D8-4006-ACC6-655101BFD79B}.Release|ARM.Deploy.0 = Release|Any CPU
		{FF765CB9-16D8-4006-ACC6-655101BFD79B}.Release|iPhone.ActiveCfg = Release|Any CPU
		{FF765CB9-16D8-4006-ACC6-655101BFD79B}.Release|iPhone.Build.0 = Release|Any CPU
		{FF765CB9-16D8-4006-ACC6-655101BFD79B}.Release|iPhone.Deploy.0 = Release|Any CPU
		{FF765CB9-16D8-4006-ACC6-655101BFD79B}.Release|iPhoneSimulator.ActiveCfg = Release|Any CPU
		{FF765CB9-16D8-4006-ACC6-655101BFD79B}.Release|iPhoneSimulator.Build.0 = Release|Any CPU
		{FF765CB9-16D8-4006-ACC6-655101BFD79B}.Release|iPhoneSimulator.Deploy.0 = Release|Any CPU
		{FF765CB9-16D8-4006-ACC6-655101BFD79B}.Release|x64.ActiveCfg = Release|Any CPU
		{FF765CB9-16D8-4006-ACC6-655101BFD79B}.Release|x64.Build.0 = Release|Any CPU
		{FF765CB9-16D8-4006-ACC6-655101BFD79B}.Release|x64.Deploy.0 = Release|Any CPU
		{FF765CB9-16D8-4006-ACC6-655101BFD79B}.Release|x86.ActiveCfg = Release|Any CPU
		{FF765CB9-16D8-4006-ACC6-655101BFD79B}.Release|x86.Build.0 = Release|Any CPU
		{FF765CB9-16D8-4006-ACC6-655101BFD79B}.Release|x86.Deploy.0 = Release|Any CPU
		{32151A25-0D7F-4866-A1F6-AB26E0E741DF}.Ad-Hoc|Any CPU.ActiveCfg = Ad-Hoc|iPhone
		{32151A25-0D7F-4866-A1F6-AB26E0E741DF}.Ad-Hoc|ARM.ActiveCfg = Ad-Hoc|iPhone
		{32151A25-0D7F-4866-A1F6-AB26E0E741DF}.Ad-Hoc|iPhone.ActiveCfg = Ad-Hoc|iPhone
		{32151A25-0D7F-4866-A1F6-AB26E0E741DF}.Ad-Hoc|iPhone.Build.0 = Ad-Hoc|iPhone
		{32151A25-0D7F-4866-A1F6-AB26E0E741DF}.Ad-Hoc|iPhoneSimulator.ActiveCfg = Ad-Hoc|iPhoneSimulator
		{32151A25-0D7F-4866-A1F6-AB26E0E741DF}.Ad-Hoc|iPhoneSimulator.Build.0 = Ad-Hoc|iPhoneSimulator
		{32151A25-0D7F-4866-A1F6-AB26E0E741DF}.Ad-Hoc|x64.ActiveCfg = Ad-Hoc|iPhone
		{32151A25-0D7F-4866-A1F6-AB26E0E741DF}.Ad-Hoc|x86.ActiveCfg = Ad-Hoc|iPhone
		{32151A25-0D7F-4866-A1F6-AB26E0E741DF}.AppStore|Any CPU.ActiveCfg = AppStore|iPhone
		{32151A25-0D7F-4866-A1F6-AB26E0E741DF}.AppStore|ARM.ActiveCfg = AppStore|iPhone
		{32151A25-0D7F-4866-A1F6-AB26E0E741DF}.AppStore|iPhone.ActiveCfg = AppStore|iPhone
		{32151A25-0D7F-4866-A1F6-AB26E0E741DF}.AppStore|iPhone.Build.0 = AppStore|iPhone
		{32151A25-0D7F-4866-A1F6-AB26E0E741DF}.AppStore|iPhoneSimulator.ActiveCfg = AppStore|iPhoneSimulator
		{32151A25-0D7F-4866-A1F6-AB26E0E741DF}.AppStore|iPhoneSimulator.Build.0 = AppStore|iPhoneSimulator
		{32151A25-0D7F-4866-A1F6-AB26E0E741DF}.AppStore|x64.ActiveCfg = AppStore|iPhone
		{32151A25-0D7F-4866-A1F6-AB26E0E741DF}.AppStore|x86.ActiveCfg = AppStore|iPhone
		{32151A25-0D7F-4866-A1F6-AB26E0E741DF}.Debug|Any CPU.ActiveCfg = Debug|iPhone
		{32151A25-0D7F-4866-A1F6-AB26E0E741DF}.Debug|ARM.ActiveCfg = Debug|iPhone
		{32151A25-0D7F-4866-A1F6-AB26E0E741DF}.Debug|iPhone.ActiveCfg = Debug|iPhone
		{32151A25-0D7F-4866-A1F6-AB26E0E741DF}.Debug|iPhone.Build.0 = Debug|iPhone
		{32151A25-0D7F-4866-A1F6-AB26E0E741DF}.Debug|iPhoneSimulator.ActiveCfg = Debug|iPhoneSimulator
		{32151A25-0D7F-4866-A1F6-AB26E0E741DF}.Debug|iPhoneSimulator.Build.0 = Debug|iPhoneSimulator
		{32151A25-0D7F-4866-A1F6-AB26E0E741DF}.Debug|x64.ActiveCfg = Debug|iPhone
		{32151A25-0D7F-4866-A1F6-AB26E0E741DF}.Debug|x86.ActiveCfg = Debug|iPhone
		{32151A25-0D7F-4866-A1F6-AB26E0E741DF}.Release|Any CPU.ActiveCfg = Release|iPhone
		{32151A25-0D7F-4866-A1F6-AB26E0E741DF}.Release|Any CPU.Build.0 = Release|iPhone
		{32151A25-0D7F-4866-A1F6-AB26E0E741DF}.Release|ARM.ActiveCfg = Release|iPhone
		{32151A25-0D7F-4866-A1F6-AB26E0E741DF}.Release|iPhone.ActiveCfg = Release|iPhone
		{32151A25-0D7F-4866-A1F6-AB26E0E741DF}.Release|iPhone.Build.0 = Release|iPhone
		{32151A25-0D7F-4866-A1F6-AB26E0E741DF}.Release|iPhoneSimulator.ActiveCfg = Release|iPhoneSimulator
		{32151A25-0D7F-4866-A1F6-AB26E0E741DF}.Release|iPhoneSimulator.Build.0 = Release|iPhoneSimulator
		{32151A25-0D7F-4866-A1F6-AB26E0E741DF}.Release|x64.ActiveCfg = Release|iPhone
		{32151A25-0D7F-4866-A1F6-AB26E0E741DF}.Release|x86.ActiveCfg = Release|iPhone
		{1DECA982-C7D0-4E0B-A044-50B5413F6058}.Ad-Hoc|Any CPU.ActiveCfg = Release|x86
		{1DECA982-C7D0-4E0B-A044-50B5413F6058}.Ad-Hoc|Any CPU.Build.0 = Release|x86
		{1DECA982-C7D0-4E0B-A044-50B5413F6058}.Ad-Hoc|Any CPU.Deploy.0 = Release|x86
		{1DECA982-C7D0-4E0B-A044-50B5413F6058}.Ad-Hoc|ARM.ActiveCfg = Release|ARM
		{1DECA982-C7D0-4E0B-A044-50B5413F6058}.Ad-Hoc|ARM.Build.0 = Release|ARM
		{1DECA982-C7D0-4E0B-A044-50B5413F6058}.Ad-Hoc|ARM.Deploy.0 = Release|ARM
		{1DECA982-C7D0-4E0B-A044-50B5413F6058}.Ad-Hoc|iPhone.ActiveCfg = Release|x86
		{1DECA982-C7D0-4E0B-A044-50B5413F6058}.Ad-Hoc|iPhone.Build.0 = Release|x86
		{1DECA982-C7D0-4E0B-A044-50B5413F6058}.Ad-Hoc|iPhone.Deploy.0 = Release|x86
		{1DECA982-C7D0-4E0B-A044-50B5413F6058}.Ad-Hoc|iPhoneSimulator.ActiveCfg = Release|x86
		{1DECA982-C7D0-4E0B-A044-50B5413F6058}.Ad-Hoc|iPhoneSimulator.Build.0 = Release|x86
		{1DECA982-C7D0-4E0B-A044-50B5413F6058}.Ad-Hoc|iPhoneSimulator.Deploy.0 = Release|x86
		{1DECA982-C7D0-4E0B-A044-50B5413F6058}.Ad-Hoc|x64.ActiveCfg = Release|x64
		{1DECA982-C7D0-4E0B-A044-50B5413F6058}.Ad-Hoc|x64.Build.0 = Release|x64
		{1DECA982-C7D0-4E0B-A044-50B5413F6058}.Ad-Hoc|x64.Deploy.0 = Release|x64
		{1DECA982-C7D0-4E0B-A044-50B5413F6058}.Ad-Hoc|x86.ActiveCfg = Release|x86
		{1DECA982-C7D0-4E0B-A044-50B5413F6058}.Ad-Hoc|x86.Build.0 = Release|x86
		{1DECA982-C7D0-4E0B-A044-50B5413F6058}.Ad-Hoc|x86.Deploy.0 = Release|x86
		{1DECA982-C7D0-4E0B-A044-50B5413F6058}.AppStore|Any CPU.ActiveCfg = Release|x86
		{1DECA982-C7D0-4E0B-A044-50B5413F6058}.AppStore|Any CPU.Build.0 = Release|x86
		{1DECA982-C7D0-4E0B-A044-50B5413F6058}.AppStore|Any CPU.Deploy.0 = Release|x86
		{1DECA982-C7D0-4E0B-A044-50B5413F6058}.AppStore|ARM.ActiveCfg = Release|ARM
		{1DECA982-C7D0-4E0B-A044-50B5413F6058}.AppStore|ARM.Build.0 = Release|ARM
		{1DECA982-C7D0-4E0B-A044-50B5413F6058}.AppStore|ARM.Deploy.0 = Release|ARM
		{1DECA982-C7D0-4E0B-A044-50B5413F6058}.AppStore|iPhone.ActiveCfg = Release|x86
		{1DECA982-C7D0-4E0B-A044-50B5413F6058}.AppStore|iPhone.Build.0 = Release|x86
		{1DECA982-C7D0-4E0B-A044-50B5413F6058}.AppStore|iPhone.Deploy.0 = Release|x86
		{1DECA982-C7D0-4E0B-A044-50B5413F6058}.AppStore|iPhoneSimulator.ActiveCfg = Release|x86
		{1DECA982-C7D0-4E0B-A044-50B5413F6058}.AppStore|iPhoneSimulator.Build.0 = Release|x86
		{1DECA982-C7D0-4E0B-A044-50B5413F6058}.AppStore|iPhoneSimulator.Deploy.0 = Release|x86
		{1DECA982-C7D0-4E0B-A044-50B5413F6058}.AppStore|x64.ActiveCfg = Release|x64
		{1DECA982-C7D0-4E0B-A044-50B5413F6058}.AppStore|x64.Build.0 = Release|x64
		{1DECA982-C7D0-4E0B-A044-50B5413F6058}.AppStore|x64.Deploy.0 = Release|x64
		{1DECA982-C7D0-4E0B-A044-50B5413F6058}.AppStore|x86.ActiveCfg = Release|x86
		{1DECA982-C7D0-4E0B-A044-50B5413F6058}.AppStore|x86.Build.0 = Release|x86
		{1DECA982-C7D0-4E0B-A044-50B5413F6058}.AppStore|x86.Deploy.0 = Release|x86
		{1DECA982-C7D0-4E0B-A044-50B5413F6058}.Debug|Any CPU.ActiveCfg = Debug|ARM
		{1DECA982-C7D0-4E0B-A044-50B5413F6058}.Debug|Any CPU.Build.0 = Debug|ARM
		{1DECA982-C7D0-4E0B-A044-50B5413F6058}.Debug|Any CPU.Deploy.0 = Debug|ARM
		{1DECA982-C7D0-4E0B-A044-50B5413F6058}.Debug|ARM.ActiveCfg = Debug|ARM
		{1DECA982-C7D0-4E0B-A044-50B5413F6058}.Debug|iPhone.ActiveCfg = Debug|x86
		{1DECA982-C7D0-4E0B-A044-50B5413F6058}.Debug|iPhone.Build.0 = Debug|x86
		{1DECA982-C7D0-4E0B-A044-50B5413F6058}.Debug|iPhone.Deploy.0 = Debug|x86
		{1DECA982-C7D0-4E0B-A044-50B5413F6058}.Debug|iPhoneSimulator.ActiveCfg = Debug|x86
		{1DECA982-C7D0-4E0B-A044-50B5413F6058}.Debug|x64.ActiveCfg = Debug|x64
		{1DECA982-C7D0-4E0B-A044-50B5413F6058}.Debug|x64.Build.0 = Debug|x64
		{1DECA982-C7D0-4E0B-A044-50B5413F6058}.Debug|x64.Deploy.0 = Debug|x64
		{1DECA982-C7D0-4E0B-A044-50B5413F6058}.Debug|x86.ActiveCfg = Debug|x86
		{1DECA982-C7D0-4E0B-A044-50B5413F6058}.Debug|x86.Build.0 = Debug|x86
		{1DECA982-C7D0-4E0B-A044-50B5413F6058}.Debug|x86.Deploy.0 = Debug|x86
		{1DECA982-C7D0-4E0B-A044-50B5413F6058}.Release|Any CPU.ActiveCfg = Release|x86
		{1DECA982-C7D0-4E0B-A044-50B5413F6058}.Release|Any CPU.Build.0 = Release|x86
		{1DECA982-C7D0-4E0B-A044-50B5413F6058}.Release|Any CPU.Deploy.0 = Release|x86
		{1DECA982-C7D0-4E0B-A044-50B5413F6058}.Release|ARM.ActiveCfg = Release|ARM
		{1DECA982-C7D0-4E0B-A044-50B5413F6058}.Release|iPhone.ActiveCfg = Release|x86
		{1DECA982-C7D0-4E0B-A044-50B5413F6058}.Release|iPhoneSimulator.ActiveCfg = Release|x86
		{1DECA982-C7D0-4E0B-A044-50B5413F6058}.Release|x64.ActiveCfg = Release|x64
		{1DECA982-C7D0-4E0B-A044-50B5413F6058}.Release|x64.Build.0 = Release|x64
		{1DECA982-C7D0-4E0B-A044-50B5413F6058}.Release|x64.Deploy.0 = Release|x64
		{1DECA982-C7D0-4E0B-A044-50B5413F6058}.Release|x86.ActiveCfg = Release|x86
		{1DECA982-C7D0-4E0B-A044-50B5413F6058}.Release|x86.Build.0 = Release|x86
		{1DECA982-C7D0-4E0B-A044-50B5413F6058}.Release|x86.Deploy.0 = Release|x86
		{399F74AD-3931-414C-9D4F-7C967BF16F08}.Ad-Hoc|Any CPU.ActiveCfg = Release|Any CPU
		{399F74AD-3931-414C-9D4F-7C967BF16F08}.Ad-Hoc|Any CPU.Build.0 = Release|Any CPU
		{399F74AD-3931-414C-9D4F-7C967BF16F08}.Ad-Hoc|ARM.ActiveCfg = Release|Any CPU
		{399F74AD-3931-414C-9D4F-7C967BF16F08}.Ad-Hoc|ARM.Build.0 = Release|Any CPU
		{399F74AD-3931-414C-9D4F-7C967BF16F08}.Ad-Hoc|iPhone.ActiveCfg = Release|Any CPU
		{399F74AD-3931-414C-9D4F-7C967BF16F08}.Ad-Hoc|iPhone.Build.0 = Release|Any CPU
		{399F74AD-3931-414C-9D4F-7C967BF16F08}.Ad-Hoc|iPhoneSimulator.ActiveCfg = Release|Any CPU
		{399F74AD-3931-414C-9D4F-7C967BF16F08}.Ad-Hoc|iPhoneSimulator.Build.0 = Release|Any CPU
		{399F74AD-3931-414C-9D4F-7C967BF16F08}.Ad-Hoc|x64.ActiveCfg = Release|Any CPU
		{399F74AD-3931-414C-9D4F-7C967BF16F08}.Ad-Hoc|x64.Build.0 = Release|Any CPU
		{399F74AD-3931-414C-9D4F-7C967BF16F08}.Ad-Hoc|x86.ActiveCfg = Release|Any CPU
		{399F74AD-3931-414C-9D4F-7C967BF16F08}.Ad-Hoc|x86.Build.0 = Release|Any CPU
		{399F74AD-3931-414C-9D4F-7C967BF16F08}.AppStore|Any CPU.ActiveCfg = Release|Any CPU
		{399F74AD-3931-414C-9D4F-7C967BF16F08}.AppStore|Any CPU.Build.0 = Release|Any CPU
		{399F74AD-3931-414C-9D4F-7C967BF16F08}.AppStore|ARM.ActiveCfg = Release|Any CPU
		{399F74AD-3931-414C-9D4F-7C967BF16F08}.AppStore|ARM.Build.0 = Release|Any CPU
		{399F74AD-3931-414C-9D4F-7C967BF16F08}.AppStore|iPhone.ActiveCfg = Release|Any CPU
		{399F74AD-3931-414C-9D4F-7C967BF16F08}.AppStore|iPhone.Build.0 = Release|Any CPU
		{399F74AD-3931-414C-9D4F-7C967BF16F08}.AppStore|iPhoneSimulator.ActiveCfg = Release|Any CPU
		{399F74AD-3931-414C-9D4F-7C967BF16F08}.AppStore|iPhoneSimulator.Build.0 = Release|Any CPU
		{399F74AD-3931-414C-9D4F-7C967BF16F08}.AppStore|x64.ActiveCfg = Release|Any CPU
		{399F74AD-3931-414C-9D4F-7C967BF16F08}.AppStore|x64.Build.0 = Release|Any CPU
		{399F74AD-3931-414C-9D4F-7C967BF16F08}.AppStore|x86.ActiveCfg = Release|Any CPU
		{399F74AD-3931-414C-9D4F-7C967BF16F08}.AppStore|x86.Build.0 = Release|Any CPU
		{399F74AD-3931-414C-9D4F-7C967BF16F08}.Debug|Any CPU.ActiveCfg = Debug|Any CPU
		{399F74AD-3931-414C-9D4F-7C967BF16F08}.Debug|Any CPU.Build.0 = Debug|Any CPU
		{399F74AD-3931-414C-9D4F-7C967BF16F08}.Debug|ARM.ActiveCfg = Debug|Any CPU
		{399F74AD-3931-414C-9D4F-7C967BF16F08}.Debug|ARM.Build.0 = Debug|Any CPU
		{399F74AD-3931-414C-9D4F-7C967BF16F08}.Debug|iPhone.ActiveCfg = Debug|Any CPU
		{399F74AD-3931-414C-9D4F-7C967BF16F08}.Debug|iPhone.Build.0 = Debug|Any CPU
		{399F74AD-3931-414C-9D4F-7C967BF16F08}.Debug|iPhoneSimulator.ActiveCfg = Debug|Any CPU
		{399F74AD-3931-414C-9D4F-7C967BF16F08}.Debug|iPhoneSimulator.Build.0 = Debug|Any CPU
		{399F74AD-3931-414C-9D4F-7C967BF16F08}.Debug|x64.ActiveCfg = Debug|Any CPU
		{399F74AD-3931-414C-9D4F-7C967BF16F08}.Debug|x64.Build.0 = Debug|Any CPU
		{399F74AD-3931-414C-9D4F-7C967BF16F08}.Debug|x86.ActiveCfg = Debug|Any CPU
		{399F74AD-3931-414C-9D4F-7C967BF16F08}.Debug|x86.Build.0 = Debug|Any CPU
		{399F74AD-3931-414C-9D4F-7C967BF16F08}.Release|Any CPU.ActiveCfg = Release|Any CPU
		{399F74AD-3931-414C-9D4F-7C967BF16F08}.Release|Any CPU.Build.0 = Release|Any CPU
		{399F74AD-3931-414C-9D4F-7C967BF16F08}.Release|ARM.ActiveCfg = Release|Any CPU
		{399F74AD-3931-414C-9D4F-7C967BF16F08}.Release|ARM.Build.0 = Release|Any CPU
		{399F74AD-3931-414C-9D4F-7C967BF16F08}.Release|iPhone.ActiveCfg = Release|Any CPU
		{399F74AD-3931-414C-9D4F-7C967BF16F08}.Release|iPhone.Build.0 = Release|Any CPU
		{399F74AD-3931-414C-9D4F-7C967BF16F08}.Release|iPhoneSimulator.ActiveCfg = Release|Any CPU
		{399F74AD-3931-414C-9D4F-7C967BF16F08}.Release|iPhoneSimulator.Build.0 = Release|Any CPU
		{399F74AD-3931-414C-9D4F-7C967BF16F08}.Release|x64.ActiveCfg = Release|Any CPU
		{399F74AD-3931-414C-9D4F-7C967BF16F08}.Release|x64.Build.0 = Release|Any CPU
		{399F74AD-3931-414C-9D4F-7C967BF16F08}.Release|x86.ActiveCfg = Release|Any CPU
		{399F74AD-3931-414C-9D4F-7C967BF16F08}.Release|x86.Build.0 = Release|Any CPU
	EndGlobalSection
	GlobalSection(SolutionProperties) = preSolution
		HideSolutionNode = FALSE
	EndGlobalSection
EndGlobal
